PODS:
  - Localize-Swift (3.1.0)
  - Realm (5.0.0):
    - Realm/Headers (= 5.0.0)
  - Realm/Headers (5.0.0)
  - RealmSwift (5.0.0):
    - Realm (= 5.0.0)
  - SwipeCellKit (2.7.1)

DEPENDENCIES:
  - Localize-Swift
  - RealmSwift
  - SwipeCellKit

SPEC REPOS:
  trunk:
    - Localize-Swift
    - Realm
    - RealmSwift
    - SwipeCellKit

SPEC CHECKSUMS:
  Localize-Swift: 4bed4f0ccac8be2ec3517ee359da80ba2adb0fae
  Realm: 76066d333de26f97e9caedaa85ee3ff4a62ca265
  RealmSwift: c1bdff09b422569dc6881410d9ccf712bcdb79b0
  SwipeCellKit: 3972254a826da74609926daf59b08d6c72e619ea

PODFILE CHECKSUM: 7df0d5e76e69e70b76c692dd4c3cb763b10e1078

COCOAPODS: 1.8.4
