// !$*UTF8*$!
{
	archiveVersion = 1;
	classes = {
	};
	objectVersion = 51;
	objects = {

/* Begin PBXBuildFile section */
		F90186CC24657211001EB03A /* LocationModel.swift in Sources */ = {isa = PBXBuildFile; fileRef = F90186CB24657211001EB03A /* LocationModel.swift */; };
		F90E2F4C245440C50095961C /* AppDelegate.swift in Sources */ = {isa = PBXBuildFile; fileRef = F90E2F4B245440C50095961C /* AppDelegate.swift */; };
		F90E2F4E245440C50095961C /* SceneDelegate.swift in Sources */ = {isa = PBXBuildFile; fileRef = F90E2F4D245440C50095961C /* SceneDelegate.swift */; };
		F90E2F53245440C50095961C /* Main.storyboard in Resources */ = {isa = PBXBuildFile; fileRef = F90E2F51245440C50095961C /* Main.storyboard */; };
		F90E2F58245440C70095961C /* LaunchScreen.storyboard in Resources */ = {isa = PBXBuildFile; fileRef = F90E2F56245440C70095961C /* LaunchScreen.storyboard */; };
		F90E2F6224544D0E0095961C /* LaunchScreen.swift in Sources */ = {isa = PBXBuildFile; fileRef = F90E2F6124544D0E0095961C /* LaunchScreen.swift */; };
		F90E2F6424544D2B0095961C /* PlayersScreen.swift in Sources */ = {isa = PBXBuildFile; fileRef = F90E2F6324544D2B0095961C /* PlayersScreen.swift */; };
		F90E2F6624544EC80095961C /* AddNewPlayer.swift in Sources */ = {isa = PBXBuildFile; fileRef = F90E2F6524544EC80095961C /* AddNewPlayer.swift */; };
		F90E2F6824544EDF0095961C /* PlayerLibrary.swift in Sources */ = {isa = PBXBuildFile; fileRef = F90E2F6724544EDF0095961C /* PlayerLibrary.swift */; };
		F90E2F6A24544F0A0095961C /* Rules.swift in Sources */ = {isa = PBXBuildFile; fileRef = F90E2F6924544F0A0095961C /* Rules.swift */; };
		F90E2F6E2456F24C0095961C /* PlayerModel.swift in Sources */ = {isa = PBXBuildFile; fileRef = F90E2F6D2456F24C0095961C /* PlayerModel.swift */; };
		F952AC9E246FA477001FC66B /* AHugeCell.xib in Resources */ = {isa = PBXBuildFile; fileRef = F952AC9B246FA477001FC66B /* AHugeCell.xib */; };
		F952AC9F246FA477001FC66B /* SectionModel.swift in Sources */ = {isa = PBXBuildFile; fileRef = F952AC9C246FA477001FC66B /* SectionModel.swift */; };
		F952ACA0246FA477001FC66B /* AHugeCell.swift in Sources */ = {isa = PBXBuildFile; fileRef = F952AC9D246FA477001FC66B /* AHugeCell.swift */; };
		F952ACA3246FA4BA001FC66B /* Constants.swift in Sources */ = {isa = PBXBuildFile; fileRef = F952ACA1246FA4B9001FC66B /* Constants.swift */; };
		F952ACA4246FA4BA001FC66B /* buttonExtension.swift in Sources */ = {isa = PBXBuildFile; fileRef = F952ACA2246FA4BA001FC66B /* buttonExtension.swift */; };
		F952ACA7246FA636001FC66B /* PlayerCell.swift in Sources */ = {isa = PBXBuildFile; fileRef = F952ACA5246FA635001FC66B /* PlayerCell.swift */; };
		F952ACA8246FA636001FC66B /* PlayerCell.xib in Resources */ = {isa = PBXBuildFile; fileRef = F952ACA6246FA636001FC66B /* PlayerCell.xib */; };
		F952ACAC246FC9A5001FC66B /* GameSettings.swift in Sources */ = {isa = PBXBuildFile; fileRef = F952ACAB246FC9A5001FC66B /* GameSettings.swift */; };
		F952ACAE246FDA20001FC66B /* FinalGameSettings.swift in Sources */ = {isa = PBXBuildFile; fileRef = F952ACAD246FDA20001FC66B /* FinalGameSettings.swift */; };
		F952ACB024721B06001FC66B /* SectionCell.swift in Sources */ = {isa = PBXBuildFile; fileRef = F952ACAF24721B06001FC66B /* SectionCell.swift */; };
		F952ACB22472BDA3001FC66B /* FinalCell.swift in Sources */ = {isa = PBXBuildFile; fileRef = F952ACB12472BDA3001FC66B /* FinalCell.swift */; };
		F952ACB62473CE40001FC66B /* UINavigationBarGradientView.swift in Sources */ = {isa = PBXBuildFile; fileRef = F952ACB52473CE40001FC66B /* UINavigationBarGradientView.swift */; };
		F952ACB824768750001FC66B /* RoleRevealViewController.swift in Sources */ = {isa = PBXBuildFile; fileRef = F952ACB724768750001FC66B /* RoleRevealViewController.swift */; };
		F952ACBA2477D209001FC66B /* Extensions.swift in Sources */ = {isa = PBXBuildFile; fileRef = F952ACB92477D209001FC66B /* Extensions.swift */; };
		F983F8E32494FF32001FDD1F /* ScheduleNotification.swift in Sources */ = {isa = PBXBuildFile; fileRef = F983F8E22494FF32001FDD1F /* ScheduleNotification.swift */; };
		F983F8E5249779FE001FDD1F /* PlayerScreen-PlayerCell.swift in Sources */ = {isa = PBXBuildFile; fileRef = F983F8E4249779FE001FDD1F /* PlayerScreen-PlayerCell.swift */; };
		F983F8E724978527001FDD1F /* UIHelper.swift in Sources */ = {isa = PBXBuildFile; fileRef = F983F8E624978527001FDD1F /* UIHelper.swift */; };
		F983F8E924989C05001FDD1F /* Players.swift in Sources */ = {isa = PBXBuildFile; fileRef = F983F8E824989C05001FDD1F /* Players.swift */; };
		F99E4C6B247E434E004A42CF /* Assets.xcassets in Resources */ = {isa = PBXBuildFile; fileRef = F99E4C6A247E434E004A42CF /* Assets.xcassets */; };
		F99E4C6D247E6E03004A42CF /* ShowSpies.swift in Sources */ = {isa = PBXBuildFile; fileRef = F99E4C6C247E6E03004A42CF /* ShowSpies.swift */; };
		F99E4C6F247E86E6004A42CF /* SpyCell.swift in Sources */ = {isa = PBXBuildFile; fileRef = F99E4C6E247E86E6004A42CF /* SpyCell.swift */; };
		F99E4C7224800DE7004A42CF /* appstore.png in Resources */ = {isa = PBXBuildFile; fileRef = F99E4C7024800DE5004A42CF /* appstore.png */; };
		F99E4C7524801228004A42CF /* FirstLaunchScreen.swift in Sources */ = {isa = PBXBuildFile; fileRef = F99E4C7424801228004A42CF /* FirstLaunchScreen.swift */; };
		F99E4C76248017CA004A42CF /* Pods_Spy_Hunter.framework in Frameworks */ = {isa = PBXBuildFile; fileRef = D67D33280F9CA6B7224D7959 /* Pods_Spy_Hunter.framework */; };
		F99E4C7C248018CF004A42CF /* StoreKit.framework in Frameworks */ = {isa = PBXBuildFile; fileRef = F99E4C7B248018CF004A42CF /* StoreKit.framework */; };
		F9D5FA86248E064700E60A42 /* Language.swift in Sources */ = {isa = PBXBuildFile; fileRef = F9D5FA85248E064700E60A42 /* Language.swift */; };
		F9D5FA88248E068A00E60A42 /* Languages.swift in Sources */ = {isa = PBXBuildFile; fileRef = F9D5FA87248E068A00E60A42 /* Languages.swift */; };
		F9D5FA8A248E06E700E60A42 /* RKLocalization.swift in Sources */ = {isa = PBXBuildFile; fileRef = F9D5FA89248E06E700E60A42 /* RKLocalization.swift */; };
		F9D80C6A2486470600C967E5 /* Localizable.strings in Resources */ = {isa = PBXBuildFile; fileRef = F9D80C6C2486470600C967E5 /* Localizable.strings */; };
		F9D80C6F24865CCD00C967E5 /* StringFiles.swift in Sources */ = {isa = PBXBuildFile; fileRef = F9D80C6E24865CCD00C967E5 /* StringFiles.swift */; };
/* End PBXBuildFile section */

/* Begin PBXFileReference section */
		7CA221986255747E73E4A317 /* Pods-Spy Hunter.release.xcconfig */ = {isa = PBXFileReference; includeInIndex = 1; lastKnownFileType = text.xcconfig; name = "Pods-Spy Hunter.release.xcconfig"; path = "Target Support Files/Pods-Spy Hunter/Pods-Spy Hunter.release.xcconfig"; sourceTree = "<group>"; };
		D486832FCF56C2C74CA2FEED /* Pods-Spy Hunter.debug.xcconfig */ = {isa = PBXFileReference; includeInIndex = 1; lastKnownFileType = text.xcconfig; name = "Pods-Spy Hunter.debug.xcconfig"; path = "Target Support Files/Pods-Spy Hunter/Pods-Spy Hunter.debug.xcconfig"; sourceTree = "<group>"; };
		D67D33280F9CA6B7224D7959 /* Pods_Spy_Hunter.framework */ = {isa = PBXFileReference; explicitFileType = wrapper.framework; includeInIndex = 0; path = Pods_Spy_Hunter.framework; sourceTree = BUILT_PRODUCTS_DIR; };
		F90186CB24657211001EB03A /* LocationModel.swift */ = {isa = PBXFileReference; lastKnownFileType = sourcecode.swift; path = LocationModel.swift; sourceTree = "<group>"; };
		F90E2F48245440C50095961C /* Detect a Spy.app */ = {isa = PBXFileReference; explicitFileType = wrapper.application; includeInIndex = 0; path = "Detect a Spy.app"; sourceTree = BUILT_PRODUCTS_DIR; };
		F90E2F4B245440C50095961C /* AppDelegate.swift */ = {isa = PBXFileReference; lastKnownFileType = sourcecode.swift; path = AppDelegate.swift; sourceTree = "<group>"; };
		F90E2F4D245440C50095961C /* SceneDelegate.swift */ = {isa = PBXFileReference; lastKnownFileType = sourcecode.swift; path = SceneDelegate.swift; sourceTree = "<group>"; };
		F90E2F52245440C50095961C /* Base */ = {isa = PBXFileReference; lastKnownFileType = file.storyboard; name = Base; path = Base.lproj/Main.storyboard; sourceTree = "<group>"; };
		F90E2F57245440C70095961C /* Base */ = {isa = PBXFileReference; lastKnownFileType = file.storyboard; name = Base; path = Base.lproj/LaunchScreen.storyboard; sourceTree = "<group>"; };
		F90E2F59245440C70095961C /* Info.plist */ = {isa = PBXFileReference; lastKnownFileType = text.plist.xml; path = Info.plist; sourceTree = "<group>"; };
		F90E2F6124544D0E0095961C /* LaunchScreen.swift */ = {isa = PBXFileReference; lastKnownFileType = sourcecode.swift; path = LaunchScreen.swift; sourceTree = "<group>"; };
		F90E2F6324544D2B0095961C /* PlayersScreen.swift */ = {isa = PBXFileReference; lastKnownFileType = sourcecode.swift; path = PlayersScreen.swift; sourceTree = "<group>"; };
		F90E2F6524544EC80095961C /* AddNewPlayer.swift */ = {isa = PBXFileReference; lastKnownFileType = sourcecode.swift; path = AddNewPlayer.swift; sourceTree = "<group>"; };
		F90E2F6724544EDF0095961C /* PlayerLibrary.swift */ = {isa = PBXFileReference; lastKnownFileType = sourcecode.swift; path = PlayerLibrary.swift; sourceTree = "<group>"; };
		F90E2F6924544F0A0095961C /* Rules.swift */ = {isa = PBXFileReference; lastKnownFileType = sourcecode.swift; path = Rules.swift; sourceTree = "<group>"; };
		F90E2F6D2456F24C0095961C /* PlayerModel.swift */ = {isa = PBXFileReference; lastKnownFileType = sourcecode.swift; path = PlayerModel.swift; sourceTree = "<group>"; };
		F952AC9B246FA477001FC66B /* AHugeCell.xib */ = {isa = PBXFileReference; fileEncoding = 4; lastKnownFileType = file.xib; path = AHugeCell.xib; sourceTree = "<group>"; };
		F952AC9C246FA477001FC66B /* SectionModel.swift */ = {isa = PBXFileReference; fileEncoding = 4; lastKnownFileType = sourcecode.swift; path = SectionModel.swift; sourceTree = "<group>"; };
		F952AC9D246FA477001FC66B /* AHugeCell.swift */ = {isa = PBXFileReference; fileEncoding = 4; lastKnownFileType = sourcecode.swift; path = AHugeCell.swift; sourceTree = "<group>"; };
		F952ACA1246FA4B9001FC66B /* Constants.swift */ = {isa = PBXFileReference; fileEncoding = 4; lastKnownFileType = sourcecode.swift; path = Constants.swift; sourceTree = "<group>"; };
		F952ACA2246FA4BA001FC66B /* buttonExtension.swift */ = {isa = PBXFileReference; fileEncoding = 4; lastKnownFileType = sourcecode.swift; path = buttonExtension.swift; sourceTree = "<group>"; };
		F952ACA5246FA635001FC66B /* PlayerCell.swift */ = {isa = PBXFileReference; fileEncoding = 4; lastKnownFileType = sourcecode.swift; path = PlayerCell.swift; sourceTree = "<group>"; };
		F952ACA6246FA636001FC66B /* PlayerCell.xib */ = {isa = PBXFileReference; fileEncoding = 4; lastKnownFileType = file.xib; path = PlayerCell.xib; sourceTree = "<group>"; };
		F952ACAB246FC9A5001FC66B /* GameSettings.swift */ = {isa = PBXFileReference; lastKnownFileType = sourcecode.swift; path = GameSettings.swift; sourceTree = "<group>"; };
		F952ACAD246FDA20001FC66B /* FinalGameSettings.swift */ = {isa = PBXFileReference; lastKnownFileType = sourcecode.swift; path = FinalGameSettings.swift; sourceTree = "<group>"; };
		F952ACAF24721B06001FC66B /* SectionCell.swift */ = {isa = PBXFileReference; lastKnownFileType = sourcecode.swift; path = SectionCell.swift; sourceTree = "<group>"; };
		F952ACB12472BDA3001FC66B /* FinalCell.swift */ = {isa = PBXFileReference; lastKnownFileType = sourcecode.swift; path = FinalCell.swift; sourceTree = "<group>"; };
		F952ACB52473CE40001FC66B /* UINavigationBarGradientView.swift */ = {isa = PBXFileReference; lastKnownFileType = sourcecode.swift; path = UINavigationBarGradientView.swift; sourceTree = "<group>"; };
		F952ACB724768750001FC66B /* RoleRevealViewController.swift */ = {isa = PBXFileReference; lastKnownFileType = sourcecode.swift; path = RoleRevealViewController.swift; sourceTree = "<group>"; };
		F952ACB92477D209001FC66B /* Extensions.swift */ = {isa = PBXFileReference; lastKnownFileType = sourcecode.swift; path = Extensions.swift; sourceTree = "<group>"; };
		F983F8E22494FF32001FDD1F /* ScheduleNotification.swift */ = {isa = PBXFileReference; lastKnownFileType = sourcecode.swift; path = ScheduleNotification.swift; sourceTree = "<group>"; };
		F983F8E4249779FE001FDD1F /* PlayerScreen-PlayerCell.swift */ = {isa = PBXFileReference; lastKnownFileType = sourcecode.swift; path = "PlayerScreen-PlayerCell.swift"; sourceTree = "<group>"; };
		F983F8E624978527001FDD1F /* UIHelper.swift */ = {isa = PBXFileReference; fileEncoding = 4; lastKnownFileType = sourcecode.swift; path = UIHelper.swift; sourceTree = "<group>"; };
		F983F8E824989C05001FDD1F /* Players.swift */ = {isa = PBXFileReference; lastKnownFileType = sourcecode.swift; path = Players.swift; sourceTree = "<group>"; };
		F99E4C6A247E434E004A42CF /* Assets.xcassets */ = {isa = PBXFileReference; lastKnownFileType = folder.assetcatalog; path = Assets.xcassets; sourceTree = "<group>"; };
		F99E4C6C247E6E03004A42CF /* ShowSpies.swift */ = {isa = PBXFileReference; lastKnownFileType = sourcecode.swift; path = ShowSpies.swift; sourceTree = "<group>"; };
		F99E4C6E247E86E6004A42CF /* SpyCell.swift */ = {isa = PBXFileReference; lastKnownFileType = sourcecode.swift; path = SpyCell.swift; sourceTree = "<group>"; };
		F99E4C7024800DE5004A42CF /* appstore.png */ = {isa = PBXFileReference; lastKnownFileType = image.png; path = appstore.png; sourceTree = "<group>"; };
		F99E4C7424801228004A42CF /* FirstLaunchScreen.swift */ = {isa = PBXFileReference; lastKnownFileType = sourcecode.swift; path = FirstLaunchScreen.swift; sourceTree = "<group>"; };
		F99E4C7B248018CF004A42CF /* StoreKit.framework */ = {isa = PBXFileReference; lastKnownFileType = wrapper.framework; name = StoreKit.framework; path = System/Library/Frameworks/StoreKit.framework; sourceTree = SDKROOT; };
		F9D5FA85248E064700E60A42 /* Language.swift */ = {isa = PBXFileReference; lastKnownFileType = sourcecode.swift; path = Language.swift; sourceTree = "<group>"; };
		F9D5FA87248E068A00E60A42 /* Languages.swift */ = {isa = PBXFileReference; lastKnownFileType = sourcecode.swift; path = Languages.swift; sourceTree = "<group>"; };
		F9D5FA89248E06E700E60A42 /* RKLocalization.swift */ = {isa = PBXFileReference; lastKnownFileType = sourcecode.swift; path = RKLocalization.swift; sourceTree = "<group>"; };
		F9D5FA8B248E58E000E60A42 /* ru */ = {isa = PBXFileReference; lastKnownFileType = text.plist.strings; name = ru; path = ru.lproj/Main.strings; sourceTree = "<group>"; };
		F9D5FA8C248E58E000E60A42 /* ru */ = {isa = PBXFileReference; lastKnownFileType = text.plist.strings; name = ru; path = ru.lproj/LaunchScreen.strings; sourceTree = "<group>"; };
		F9D5FA8D248E58E000E60A42 /* ru */ = {isa = PBXFileReference; lastKnownFileType = text.plist.strings; name = ru; path = ru.lproj/Localizable.strings; sourceTree = "<group>"; };
		F9D5FA8E248E58EB00E60A42 /* vi */ = {isa = PBXFileReference; lastKnownFileType = text.plist.strings; name = vi; path = vi.lproj/Main.strings; sourceTree = "<group>"; };
		F9D5FA8F248E58EB00E60A42 /* vi */ = {isa = PBXFileReference; lastKnownFileType = text.plist.strings; name = vi; path = vi.lproj/LaunchScreen.strings; sourceTree = "<group>"; };
		F9D5FA90248E58EC00E60A42 /* vi */ = {isa = PBXFileReference; lastKnownFileType = text.plist.strings; name = vi; path = vi.lproj/Localizable.strings; sourceTree = "<group>"; };
		F9D80C662486463000C967E5 /* uk */ = {isa = PBXFileReference; lastKnownFileType = text.plist.strings; name = uk; path = uk.lproj/Main.strings; sourceTree = "<group>"; };
		F9D80C672486463100C967E5 /* uk */ = {isa = PBXFileReference; lastKnownFileType = text.plist.strings; name = uk; path = uk.lproj/LaunchScreen.strings; sourceTree = "<group>"; };
		F9D80C6B2486470600C967E5 /* en */ = {isa = PBXFileReference; lastKnownFileType = text.plist.strings; name = en; path = en.lproj/Localizable.strings; sourceTree = "<group>"; };
		F9D80C6D2486473900C967E5 /* uk */ = {isa = PBXFileReference; lastKnownFileType = text.plist.strings; name = uk; path = uk.lproj/Localizable.strings; sourceTree = "<group>"; };
		F9D80C6E24865CCD00C967E5 /* StringFiles.swift */ = {isa = PBXFileReference; lastKnownFileType = sourcecode.swift; path = StringFiles.swift; sourceTree = "<group>"; };
/* End PBXFileReference section */

/* Begin PBXFrameworksBuildPhase section */
		F90E2F45245440C50095961C /* Frameworks */ = {
			isa = PBXFrameworksBuildPhase;
			buildActionMask = 2147483647;
			files = (
				F99E4C76248017CA004A42CF /* Pods_Spy_Hunter.framework in Frameworks */,
				F99E4C7C248018CF004A42CF /* StoreKit.framework in Frameworks */,
			);
			runOnlyForDeploymentPostprocessing = 0;
		};
/* End PBXFrameworksBuildPhase section */

/* Begin PBXGroup section */
		81D01EE65E866BA9FBB2C0F0 /* Frameworks */ = {
			isa = PBXGroup;
			children = (
				F99E4C7B248018CF004A42CF /* StoreKit.framework */,
				D67D33280F9CA6B7224D7959 /* Pods_Spy_Hunter.framework */,
			);
			name = Frameworks;
			sourceTree = "<group>";
		};
		C811AAF609C2FF2CDCF37935 /* Pods */ = {
			isa = PBXGroup;
			children = (
				D486832FCF56C2C74CA2FEED /* Pods-Spy Hunter.debug.xcconfig */,
				7CA221986255747E73E4A317 /* Pods-Spy Hunter.release.xcconfig */,
			);
			path = Pods;
			sourceTree = "<group>";
		};
		F90E2F3F245440C40095961C = {
			isa = PBXGroup;
			children = (
				F90E2F4A245440C50095961C /* Spy Hunter */,
				F90E2F49245440C50095961C /* Products */,
				C811AAF609C2FF2CDCF37935 /* Pods */,
				81D01EE65E866BA9FBB2C0F0 /* Frameworks */,
			);
			sourceTree = "<group>";
		};
		F90E2F49245440C50095961C /* Products */ = {
			isa = PBXGroup;
			children = (
				F90E2F48245440C50095961C /* Detect a Spy.app */,
			);
			name = Products;
			sourceTree = "<group>";
		};
		F90E2F4A245440C50095961C /* Spy Hunter */ = {
			isa = PBXGroup;
			children = (
				F90E2F4B245440C50095961C /* AppDelegate.swift */,
				F90E2F4D245440C50095961C /* SceneDelegate.swift */,
				F983F8E624978527001FDD1F /* UIHelper.swift */,
				F90E2F6F2456F2500095961C /* Model */,
				F90E2F6B24544F550095961C /* View */,
				F90E2F6C24544F6A0095961C /* Controllers */,
				F90E2F56245440C70095961C /* LaunchScreen.storyboard */,
				F90E2F59245440C70095961C /* Info.plist */,
				F99E4C6A247E434E004A42CF /* Assets.xcassets */,
				F99E4C7024800DE5004A42CF /* appstore.png */,
				F952ACA2246FA4BA001FC66B /* buttonExtension.swift */,
				F952ACA1246FA4B9001FC66B /* Constants.swift */,
				F9D80C6C2486470600C967E5 /* Localizable.strings */,
				F9D80C6E24865CCD00C967E5 /* StringFiles.swift */,
			);
			path = "Spy Hunter";
			sourceTree = "<group>";
		};
		F90E2F6B24544F550095961C /* View */ = {
			isa = PBXGroup;
			children = (
				F90E2F51245440C50095961C /* Main.storyboard */,
				F952AC9B246FA477001FC66B /* AHugeCell.xib */,
				F952AC9D246FA477001FC66B /* AHugeCell.swift */,
				F952ACA5246FA635001FC66B /* PlayerCell.swift */,
				F952ACA6246FA636001FC66B /* PlayerCell.xib */,
				F952ACAF24721B06001FC66B /* SectionCell.swift */,
				F952ACB12472BDA3001FC66B /* FinalCell.swift */,
				F99E4C6E247E86E6004A42CF /* SpyCell.swift */,
				F983F8E4249779FE001FDD1F /* PlayerScreen-PlayerCell.swift */,
			);
			path = View;
			sourceTree = "<group>";
		};
		F90E2F6C24544F6A0095961C /* Controllers */ = {
			isa = PBXGroup;
			children = (
				F90E2F6924544F0A0095961C /* Rules.swift */,
				F90E2F6724544EDF0095961C /* PlayerLibrary.swift */,
				F90E2F6524544EC80095961C /* AddNewPlayer.swift */,
				F90E2F6124544D0E0095961C /* LaunchScreen.swift */,
				F90E2F6324544D2B0095961C /* PlayersScreen.swift */,
				F952ACAB246FC9A5001FC66B /* GameSettings.swift */,
				F952ACAD246FDA20001FC66B /* FinalGameSettings.swift */,
				F952ACB52473CE40001FC66B /* UINavigationBarGradientView.swift */,
				F952ACB724768750001FC66B /* RoleRevealViewController.swift */,
				F952ACB92477D209001FC66B /* Extensions.swift */,
				F99E4C6C247E6E03004A42CF /* ShowSpies.swift */,
				F99E4C7424801228004A42CF /* FirstLaunchScreen.swift */,
				F983F8E22494FF32001FDD1F /* ScheduleNotification.swift */,
			);
			path = Controllers;
			sourceTree = "<group>";
		};
		F90E2F6F2456F2500095961C /* Model */ = {
			isa = PBXGroup;
			children = (
				F90E2F6D2456F24C0095961C /* PlayerModel.swift */,
				F90186CB24657211001EB03A /* LocationModel.swift */,
				F952AC9C246FA477001FC66B /* SectionModel.swift */,
				F9D5FA85248E064700E60A42 /* Language.swift */,
				F9D5FA87248E068A00E60A42 /* Languages.swift */,
				F9D5FA89248E06E700E60A42 /* RKLocalization.swift */,
				F983F8E824989C05001FDD1F /* Players.swift */,
			);
			path = Model;
			sourceTree = "<group>";
		};
/* End PBXGroup section */

/* Begin PBXNativeTarget section */
		F90E2F47245440C50095961C /* Spy Hunter */ = {
			isa = PBXNativeTarget;
			buildConfigurationList = F90E2F5C245440C70095961C /* Build configuration list for PBXNativeTarget "Spy Hunter" */;
			buildPhases = (
				9D8ECDF6F21D7E178DC0D45C /* [CP] Check Pods Manifest.lock */,
				F90E2F44245440C50095961C /* Sources */,
				F90E2F45245440C50095961C /* Frameworks */,
				F90E2F46245440C50095961C /* Resources */,
				F54C990522781B8C1DAF8B5B /* [CP] Embed Pods Frameworks */,
			);
			buildRules = (
			);
			dependencies = (
			);
			name = "Spy Hunter";
			productName = "Spy Hunter";
			productReference = F90E2F48245440C50095961C /* Detect a Spy.app */;
			productType = "com.apple.product-type.application";
		};
/* End PBXNativeTarget section */

/* Begin PBXProject section */
		F90E2F40245440C40095961C /* Project object */ = {
			isa = PBXProject;
			attributes = {
				LastSwiftUpdateCheck = 1140;
				LastUpgradeCheck = 1140;
				ORGANIZATIONNAME = "Roman Kavinskyi";
				TargetAttributes = {
					F90E2F47245440C50095961C = {
						CreatedOnToolsVersion = 11.4.1;
					};
				};
			};
			buildConfigurationList = F90E2F43245440C40095961C /* Build configuration list for PBXProject "Spy Hunter" */;
			compatibilityVersion = "Xcode 9.3";
			developmentRegion = en;
			hasScannedForEncodings = 0;
			knownRegions = (
				en,
				Base,
				uk,
				ru,
				vi,
			);
			mainGroup = F90E2F3F245440C40095961C;
			productRefGroup = F90E2F49245440C50095961C /* Products */;
			projectDirPath = "";
			projectRoot = "";
			targets = (
				F90E2F47245440C50095961C /* Spy Hunter */,
			);
		};
/* End PBXProject section */

/* Begin PBXResourcesBuildPhase section */
		F90E2F46245440C50095961C /* Resources */ = {
			isa = PBXResourcesBuildPhase;
			buildActionMask = 2147483647;
			files = (
				F90E2F58245440C70095961C /* LaunchScreen.storyboard in Resources */,
				F99E4C7224800DE7004A42CF /* appstore.png in Resources */,
				F952AC9E246FA477001FC66B /* AHugeCell.xib in Resources */,
				F9D80C6A2486470600C967E5 /* Localizable.strings in Resources */,
				F952ACA8246FA636001FC66B /* PlayerCell.xib in Resources */,
				F90E2F53245440C50095961C /* Main.storyboard in Resources */,
				F99E4C6B247E434E004A42CF /* Assets.xcassets in Resources */,
			);
			runOnlyForDeploymentPostprocessing = 0;
		};
/* End PBXResourcesBuildPhase section */

/* Begin PBXShellScriptBuildPhase section */
		9D8ECDF6F21D7E178DC0D45C /* [CP] Check Pods Manifest.lock */ = {
			isa = PBXShellScriptBuildPhase;
			buildActionMask = 2147483647;
			files = (
			);
			inputFileListPaths = (
			);
			inputPaths = (
				"${PODS_PODFILE_DIR_PATH}/Podfile.lock",
				"${PODS_ROOT}/Manifest.lock",
			);
			name = "[CP] Check Pods Manifest.lock";
			outputFileListPaths = (
			);
			outputPaths = (
				"$(DERIVED_FILE_DIR)/Pods-Spy Hunter-checkManifestLockResult.txt",
			);
			runOnlyForDeploymentPostprocessing = 0;
			shellPath = /bin/sh;
			shellScript = "diff \"${PODS_PODFILE_DIR_PATH}/Podfile.lock\" \"${PODS_ROOT}/Manifest.lock\" > /dev/null\nif [ $? != 0 ] ; then\n    # print error to STDERR\n    echo \"error: The sandbox is not in sync with the Podfile.lock. Run 'pod install' or update your CocoaPods installation.\" >&2\n    exit 1\nfi\n# This output is used by Xcode 'outputs' to avoid re-running this script phase.\necho \"SUCCESS\" > \"${SCRIPT_OUTPUT_FILE_0}\"\n";
			showEnvVarsInLog = 0;
		};
		F54C990522781B8C1DAF8B5B /* [CP] Embed Pods Frameworks */ = {
			isa = PBXShellScriptBuildPhase;
			buildActionMask = 2147483647;
			files = (
			);
			inputFileListPaths = (
				"${PODS_ROOT}/Target Support Files/Pods-Spy Hunter/Pods-Spy Hunter-frameworks-${CONFIGURATION}-input-files.xcfilelist",
			);
			name = "[CP] Embed Pods Frameworks";
			outputFileListPaths = (
				"${PODS_ROOT}/Target Support Files/Pods-Spy Hunter/Pods-Spy Hunter-frameworks-${CONFIGURATION}-output-files.xcfilelist",
			);
			runOnlyForDeploymentPostprocessing = 0;
			shellPath = /bin/sh;
			shellScript = "\"${PODS_ROOT}/Target Support Files/Pods-Spy Hunter/Pods-Spy Hunter-frameworks.sh\"\n";
			showEnvVarsInLog = 0;
		};
/* End PBXShellScriptBuildPhase section */

/* Begin PBXSourcesBuildPhase section */
		F90E2F44245440C50095961C /* Sources */ = {
			isa = PBXSourcesBuildPhase;
			buildActionMask = 2147483647;
			files = (
				F90E2F6824544EDF0095961C /* PlayerLibrary.swift in Sources */,
				F983F8E724978527001FDD1F /* UIHelper.swift in Sources */,
				F952ACB024721B06001FC66B /* SectionCell.swift in Sources */,
				F952ACA4246FA4BA001FC66B /* buttonExtension.swift in Sources */,
				F952ACAC246FC9A5001FC66B /* GameSettings.swift in Sources */,
				F952ACA0246FA477001FC66B /* AHugeCell.swift in Sources */,
				F90E2F4C245440C50095961C /* AppDelegate.swift in Sources */,
				F99E4C6F247E86E6004A42CF /* SpyCell.swift in Sources */,
				F983F8E924989C05001FDD1F /* Players.swift in Sources */,
				F90186CC24657211001EB03A /* LocationModel.swift in Sources */,
				F90E2F6E2456F24C0095961C /* PlayerModel.swift in Sources */,
				F952ACB22472BDA3001FC66B /* FinalCell.swift in Sources */,
				F952ACAE246FDA20001FC66B /* FinalGameSettings.swift in Sources */,
				F90E2F4E245440C50095961C /* SceneDelegate.swift in Sources */,
				F952ACA3246FA4BA001FC66B /* Constants.swift in Sources */,
				F99E4C7524801228004A42CF /* FirstLaunchScreen.swift in Sources */,
				F952ACB62473CE40001FC66B /* UINavigationBarGradientView.swift in Sources */,
				F952ACBA2477D209001FC66B /* Extensions.swift in Sources */,
				F983F8E32494FF32001FDD1F /* ScheduleNotification.swift in Sources */,
				F90E2F6424544D2B0095961C /* PlayersScreen.swift in Sources */,
				F90E2F6624544EC80095961C /* AddNewPlayer.swift in Sources */,
				F90E2F6A24544F0A0095961C /* Rules.swift in Sources */,
				F9D80C6F24865CCD00C967E5 /* StringFiles.swift in Sources */,
				F90E2F6224544D0E0095961C /* LaunchScreen.swift in Sources */,
				F9D5FA86248E064700E60A42 /* Language.swift in Sources */,
				F952ACB824768750001FC66B /* RoleRevealViewController.swift in Sources */,
				F952ACA7246FA636001FC66B /* PlayerCell.swift in Sources */,
				F952AC9F246FA477001FC66B /* SectionModel.swift in Sources */,
				F9D5FA8A248E06E700E60A42 /* RKLocalization.swift in Sources */,
				F99E4C6D247E6E03004A42CF /* ShowSpies.swift in Sources */,
				F9D5FA88248E068A00E60A42 /* Languages.swift in Sources */,
				F983F8E5249779FE001FDD1F /* PlayerScreen-PlayerCell.swift in Sources */,
			);
			runOnlyForDeploymentPostprocessing = 0;
		};
/* End PBXSourcesBuildPhase section */

/* Begin PBXVariantGroup section */
		F90E2F51245440C50095961C /* Main.storyboard */ = {
			isa = PBXVariantGroup;
			children = (
				F90E2F52245440C50095961C /* Base */,
				F9D80C662486463000C967E5 /* uk */,
				F9D5FA8B248E58E000E60A42 /* ru */,
				F9D5FA8E248E58EB00E60A42 /* vi */,
			);
			name = Main.storyboard;
			sourceTree = "<group>";
		};
		F90E2F56245440C70095961C /* LaunchScreen.storyboard */ = {
			isa = PBXVariantGroup;
			children = (
				F90E2F57245440C70095961C /* Base */,
				F9D80C672486463100C967E5 /* uk */,
				F9D5FA8C248E58E000E60A42 /* ru */,
				F9D5FA8F248E58EB00E60A42 /* vi */,
			);
			name = LaunchScreen.storyboard;
			sourceTree = "<group>";
		};
		F9D80C6C2486470600C967E5 /* Localizable.strings */ = {
			isa = PBXVariantGroup;
			children = (
				F9D80C6B2486470600C967E5 /* en */,
				F9D80C6D2486473900C967E5 /* uk */,
				F9D5FA8D248E58E000E60A42 /* ru */,
				F9D5FA90248E58EC00E60A42 /* vi */,
			);
			name = Localizable.strings;
			sourceTree = "<group>";
		};
/* End PBXVariantGroup section */

/* Begin XCBuildConfiguration section */
		F90E2F5A245440C70095961C /* Debug */ = {
			isa = XCBuildConfiguration;
			buildSettings = {
				ALWAYS_SEARCH_USER_PATHS = NO;
				CLANG_ANALYZER_LOCALIZABILITY_NONLOCALIZED = YES;
				CLANG_ANALYZER_NONNULL = YES;
				CLANG_ANALYZER_NUMBER_OBJECT_CONVERSION = YES_AGGRESSIVE;
				CLANG_CXX_LANGUAGE_STANDARD = "gnu++14";
				CLANG_CXX_LIBRARY = "libc++";
				CLANG_ENABLE_MODULES = YES;
				CLANG_ENABLE_OBJC_ARC = YES;
				CLANG_ENABLE_OBJC_WEAK = YES;
				CLANG_WARN_BLOCK_CAPTURE_AUTORELEASING = YES;
				CLANG_WARN_BOOL_CONVERSION = YES;
				CLANG_WARN_COMMA = YES;
				CLANG_WARN_CONSTANT_CONVERSION = YES;
				CLANG_WARN_DEPRECATED_OBJC_IMPLEMENTATIONS = YES;
				CLANG_WARN_DIRECT_OBJC_ISA_USAGE = YES_ERROR;
				CLANG_WARN_DOCUMENTATION_COMMENTS = YES;
				CLANG_WARN_EMPTY_BODY = YES;
				CLANG_WARN_ENUM_CONVERSION = YES;
				CLANG_WARN_INFINITE_RECURSION = YES;
				CLANG_WARN_INT_CONVERSION = YES;
				CLANG_WARN_NON_LITERAL_NULL_CONVERSION = YES;
				CLANG_WARN_OBJC_IMPLICIT_RETAIN_SELF = YES;
				CLANG_WARN_OBJC_LITERAL_CONVERSION = YES;
				CLANG_WARN_OBJC_ROOT_CLASS = YES_ERROR;
				CLANG_WARN_RANGE_LOOP_ANALYSIS = YES;
				CLANG_WARN_STRICT_PROTOTYPES = YES;
				CLANG_WARN_SUSPICIOUS_MOVE = YES;
				CLANG_WARN_UNGUARDED_AVAILABILITY = YES_AGGRESSIVE;
				CLANG_WARN_UNREACHABLE_CODE = YES;
				CLANG_WARN__DUPLICATE_METHOD_MATCH = YES;
				COPY_PHASE_STRIP = NO;
				DEBUG_INFORMATION_FORMAT = dwarf;
				ENABLE_STRICT_OBJC_MSGSEND = YES;
				ENABLE_TESTABILITY = YES;
				GCC_C_LANGUAGE_STANDARD = gnu11;
				GCC_DYNAMIC_NO_PIC = NO;
				GCC_NO_COMMON_BLOCKS = YES;
				GCC_OPTIMIZATION_LEVEL = 0;
				GCC_PREPROCESSOR_DEFINITIONS = (
					"DEBUG=1",
					"$(inherited)",
				);
				GCC_WARN_64_TO_32_BIT_CONVERSION = YES;
				GCC_WARN_ABOUT_RETURN_TYPE = YES_ERROR;
				GCC_WARN_UNDECLARED_SELECTOR = YES;
				GCC_WARN_UNINITIALIZED_AUTOS = YES_AGGRESSIVE;
				GCC_WARN_UNUSED_FUNCTION = YES;
				GCC_WARN_UNUSED_VARIABLE = YES;
				IPHONEOS_DEPLOYMENT_TARGET = 13.0;
				MTL_ENABLE_DEBUG_INFO = INCLUDE_SOURCE;
				MTL_FAST_MATH = YES;
				ONLY_ACTIVE_ARCH = YES;
				SDKROOT = iphoneos;
				SWIFT_ACTIVE_COMPILATION_CONDITIONS = DEBUG;
				SWIFT_OPTIMIZATION_LEVEL = "-Onone";
			};
			name = Debug;
		};
		F90E2F5B245440C70095961C /* Release */ = {
			isa = XCBuildConfiguration;
			buildSettings = {
				ALWAYS_SEARCH_USER_PATHS = NO;
				CLANG_ANALYZER_LOCALIZABILITY_NONLOCALIZED = YES;
				CLANG_ANALYZER_NONNULL = YES;
				CLANG_ANALYZER_NUMBER_OBJECT_CONVERSION = YES_AGGRESSIVE;
				CLANG_CXX_LANGUAGE_STANDARD = "gnu++14";
				CLANG_CXX_LIBRARY = "libc++";
				CLANG_ENABLE_MODULES = YES;
				CLANG_ENABLE_OBJC_ARC = YES;
				CLANG_ENABLE_OBJC_WEAK = YES;
				CLANG_WARN_BLOCK_CAPTURE_AUTORELEASING = YES;
				CLANG_WARN_BOOL_CONVERSION = YES;
				CLANG_WARN_COMMA = YES;
				CLANG_WARN_CONSTANT_CONVERSION = YES;
				CLANG_WARN_DEPRECATED_OBJC_IMPLEMENTATIONS = YES;
				CLANG_WARN_DIRECT_OBJC_ISA_USAGE = YES_ERROR;
				CLANG_WARN_DOCUMENTATION_COMMENTS = YES;
				CLANG_WARN_EMPTY_BODY = YES;
				CLANG_WARN_ENUM_CONVERSION = YES;
				CLANG_WARN_INFINITE_RECURSION = YES;
				CLANG_WARN_INT_CONVERSION = YES;
				CLANG_WARN_NON_LITERAL_NULL_CONVERSION = YES;
				CLANG_WARN_OBJC_IMPLICIT_RETAIN_SELF = YES;
				CLANG_WARN_OBJC_LITERAL_CONVERSION = YES;
				CLANG_WARN_OBJC_ROOT_CLASS = YES_ERROR;
				CLANG_WARN_RANGE_LOOP_ANALYSIS = YES;
				CLANG_WARN_STRICT_PROTOTYPES = YES;
				CLANG_WARN_SUSPICIOUS_MOVE = YES;
				CLANG_WARN_UNGUARDED_AVAILABILITY = YES_AGGRESSIVE;
				CLANG_WARN_UNREACHABLE_CODE = YES;
				CLANG_WARN__DUPLICATE_METHOD_MATCH = YES;
				COPY_PHASE_STRIP = NO;
				DEBUG_INFORMATION_FORMAT = "dwarf-with-dsym";
				ENABLE_NS_ASSERTIONS = NO;
				ENABLE_STRICT_OBJC_MSGSEND = YES;
				GCC_C_LANGUAGE_STANDARD = gnu11;
				GCC_NO_COMMON_BLOCKS = YES;
				GCC_WARN_64_TO_32_BIT_CONVERSION = YES;
				GCC_WARN_ABOUT_RETURN_TYPE = YES_ERROR;
				GCC_WARN_UNDECLARED_SELECTOR = YES;
				GCC_WARN_UNINITIALIZED_AUTOS = YES_AGGRESSIVE;
				GCC_WARN_UNUSED_FUNCTION = YES;
				GCC_WARN_UNUSED_VARIABLE = YES;
				IPHONEOS_DEPLOYMENT_TARGET = 13.0;
				MTL_ENABLE_DEBUG_INFO = NO;
				MTL_FAST_MATH = YES;
				SDKROOT = iphoneos;
				SWIFT_COMPILATION_MODE = wholemodule;
				SWIFT_OPTIMIZATION_LEVEL = "-O";
				VALIDATE_PRODUCT = YES;
			};
			name = Release;
		};
		F90E2F5D245440C70095961C /* Debug */ = {
			isa = XCBuildConfiguration;
			baseConfigurationReference = D486832FCF56C2C74CA2FEED /* Pods-Spy Hunter.debug.xcconfig */;
			buildSettings = {
				ASSETCATALOG_COMPILER_APPICON_NAME = AppIcon;
				CODE_SIGN_STYLE = Automatic;
				CURRENT_PROJECT_VERSION = 10;
				DEVELOPMENT_TEAM = 34W5S52327;
				INFOPLIST_FILE = "Spy Hunter/Info.plist";
				LD_RUNPATH_SEARCH_PATHS = (
					"$(inherited)",
					"@executable_path/Frameworks",
				);
				MARKETING_VERSION = 1.1.2;
				PRODUCT_BUNDLE_IDENTIFIER = "com.romankavinskyi.Detect-a-Spy";
				PRODUCT_NAME = "Detect a Spy";
				SWIFT_VERSION = 5.0;
				TARGETED_DEVICE_FAMILY = "1,2";
			};
			name = Debug;
		};
		F90E2F5E245440C70095961C /* Release */ = {
			isa = XCBuildConfiguration;
			baseConfigurationReference = 7CA221986255747E73E4A317 /* Pods-Spy Hunter.release.xcconfig */;
			buildSettings = {
				ASSETCATALOG_COMPILER_APPICON_NAME = AppIcon;
				CODE_SIGN_STYLE = Automatic;
				CURRENT_PROJECT_VERSION = 10;
				DEVELOPMENT_TEAM = 34W5S52327;
				INFOPLIST_FILE = "Spy Hunter/Info.plist";
				LD_RUNPATH_SEARCH_PATHS = (
					"$(inherited)",
					"@executable_path/Frameworks",
				);
				MARKETING_VERSION = 1.1.2;
				PRODUCT_BUNDLE_IDENTIFIER = "com.romankavinskyi.Detect-a-Spy";
				PRODUCT_NAME = "Detect a Spy";
				SWIFT_VERSION = 5.0;
				TARGETED_DEVICE_FAMILY = "1,2";
			};
			name = Release;
		};
/* End XCBuildConfiguration section */

/* Begin XCConfigurationList section */
		F90E2F43245440C40095961C /* Build configuration list for PBXProject "Spy Hunter" */ = {
			isa = XCConfigurationList;
			buildConfigurations = (
				F90E2F5A245440C70095961C /* Debug */,
				F90E2F5B245440C70095961C /* Release */,
			);
			defaultConfigurationIsVisible = 0;
			defaultConfigurationName = Release;
		};
		F90E2F5C245440C70095961C /* Build configuration list for PBXNativeTarget "Spy Hunter" */ = {
			isa = XCConfigurationList;
			buildConfigurations = (
				F90E2F5D245440C70095961C /* Debug */,
				F90E2F5E245440C70095961C /* Release */,
			);
			defaultConfigurationIsVisible = 0;
			defaultConfigurationName = Release;
		};
/* End XCConfigurationList section */
	};
	rootObject = F90E2F40245440C40095961C /* Project object */;
}
